// !$*UTF8*$!
{
	archiveVersion = 1;
	classes = {
	};
	objectVersion = 56;
	objects = {

/* Begin PBXBuildFile section */
		44004D342BD9256600D0447A /* Shortcuts.swift in Sources */ = {isa = PBXBuildFile; fileRef = 44004D332BD9256600D0447A /* Shortcuts.swift */; };
		4407FDDF2BD6C76F004D477C /* NowResponseModel.swift in Sources */ = {isa = PBXBuildFile; fileRef = 4407FDDE2BD6C76F004D477C /* NowResponseModel.swift */; };
		44397A2E2BD6734B0056BE98 /* Dimensions.swift in Sources */ = {isa = PBXBuildFile; fileRef = 44397A2D2BD6734B0056BE98 /* Dimensions.swift */; };
		443A9A3A2BD78BF800E4C479 /* Repository.swift in Sources */ = {isa = PBXBuildFile; fileRef = 443A9A392BD78BF800E4C479 /* Repository.swift */; };
		443A9A3E2BD7904500E4C479 /* MainPresenter.swift in Sources */ = {isa = PBXBuildFile; fileRef = 443A9A3D2BD7904500E4C479 /* MainPresenter.swift */; };
		4442DB2F2BDC4F3A00C25DE1 /* StationData.swift in Sources */ = {isa = PBXBuildFile; fileRef = 4442DB2E2BDC4F3A00C25DE1 /* StationData.swift */; };
		445444C62BD661EC00E7EA48 /* README.MD in Resources */ = {isa = PBXBuildFile; fileRef = 445444C52BD661EC00E7EA48 /* README.MD */; };
		449A61D82BD59F1600EFC421 /* Record_PlayerApp.swift in Sources */ = {isa = PBXBuildFile; fileRef = 449A61D72BD59F1600EFC421 /* Record_PlayerApp.swift */; };
		449A61DA2BD59F1600EFC421 /* ContentView.swift in Sources */ = {isa = PBXBuildFile; fileRef = 449A61D92BD59F1600EFC421 /* ContentView.swift */; };
		449A61DC2BD59F1700EFC421 /* Assets.xcassets in Resources */ = {isa = PBXBuildFile; fileRef = 449A61DB2BD59F1700EFC421 /* Assets.xcassets */; };
		449A61DF2BD59F1700EFC421 /* Preview Assets.xcassets in Resources */ = {isa = PBXBuildFile; fileRef = 449A61DE2BD59F1700EFC421 /* Preview Assets.xcassets */; };
		44F62D022BD66DDE00651C8D /* StationsResponseModel.swift in Sources */ = {isa = PBXBuildFile; fileRef = 44F62D012BD66DDE00651C8D /* StationsResponseModel.swift */; };
		44F62D052BD66E1100651C8D /* StationItem.swift in Sources */ = {isa = PBXBuildFile; fileRef = 44F62D042BD66E1100651C8D /* StationItem.swift */; };
		44F62D0A2BD66F0900651C8D /* LICENSE in Resources */ = {isa = PBXBuildFile; fileRef = 44F62D092BD66F0900651C8D /* LICENSE */; };
/* End PBXBuildFile section */

/* Begin PBXFileReference section */
		44004D332BD9256600D0447A /* Shortcuts.swift */ = {isa = PBXFileReference; lastKnownFileType = sourcecode.swift; path = Shortcuts.swift; sourceTree = "<group>"; };
		4407FDDE2BD6C76F004D477C /* NowResponseModel.swift */ = {isa = PBXFileReference; lastKnownFileType = sourcecode.swift; path = NowResponseModel.swift; sourceTree = "<group>"; };
		44381A3E2BD6F9A1003E0088 /* Record-Player-Info.plist */ = {isa = PBXFileReference; lastKnownFileType = text.plist; path = "Record-Player-Info.plist"; sourceTree = SOURCE_ROOT; };
		44397A2D2BD6734B0056BE98 /* Dimensions.swift */ = {isa = PBXFileReference; lastKnownFileType = sourcecode.swift; path = Dimensions.swift; sourceTree = "<group>"; };
		443A9A392BD78BF800E4C479 /* Repository.swift */ = {isa = PBXFileReference; lastKnownFileType = sourcecode.swift; path = Repository.swift; sourceTree = "<group>"; };
		443A9A3D2BD7904500E4C479 /* MainPresenter.swift */ = {isa = PBXFileReference; lastKnownFileType = sourcecode.swift; path = MainPresenter.swift; sourceTree = "<group>"; };
		4442DB2E2BDC4F3A00C25DE1 /* StationData.swift */ = {isa = PBXFileReference; lastKnownFileType = sourcecode.swift; path = StationData.swift; sourceTree = "<group>"; };
		445444C52BD661EC00E7EA48 /* README.MD */ = {isa = PBXFileReference; lastKnownFileType = net.daringfireball.markdown; path = README.MD; sourceTree = "<group>"; };
		449A61D42BD59F1600EFC421 /* Record Player.app */ = {isa = PBXFileReference; explicitFileType = wrapper.application; includeInIndex = 0; path = "Record Player.app"; sourceTree = BUILT_PRODUCTS_DIR; };
		449A61D72BD59F1600EFC421 /* Record_PlayerApp.swift */ = {isa = PBXFileReference; lastKnownFileType = sourcecode.swift; path = Record_PlayerApp.swift; sourceTree = "<group>"; };
		449A61D92BD59F1600EFC421 /* ContentView.swift */ = {isa = PBXFileReference; lastKnownFileType = sourcecode.swift; path = ContentView.swift; sourceTree = "<group>"; };
		449A61DB2BD59F1700EFC421 /* Assets.xcassets */ = {isa = PBXFileReference; lastKnownFileType = folder.assetcatalog; path = Assets.xcassets; sourceTree = "<group>"; };
		449A61DE2BD59F1700EFC421 /* Preview Assets.xcassets */ = {isa = PBXFileReference; lastKnownFileType = folder.assetcatalog; path = "Preview Assets.xcassets"; sourceTree = "<group>"; };
		449A61E02BD59F1700EFC421 /* Record_Player.entitlements */ = {isa = PBXFileReference; lastKnownFileType = text.plist.entitlements; path = Record_Player.entitlements; sourceTree = "<group>"; };
		44F62D012BD66DDE00651C8D /* StationsResponseModel.swift */ = {isa = PBXFileReference; lastKnownFileType = sourcecode.swift; path = StationsResponseModel.swift; sourceTree = "<group>"; };
		44F62D042BD66E1100651C8D /* StationItem.swift */ = {isa = PBXFileReference; lastKnownFileType = sourcecode.swift; path = StationItem.swift; sourceTree = "<group>"; };
		44F62D092BD66F0900651C8D /* LICENSE */ = {isa = PBXFileReference; fileEncoding = 4; lastKnownFileType = text; path = LICENSE; sourceTree = "<group>"; };
/* End PBXFileReference section */

/* Begin PBXFrameworksBuildPhase section */
		449A61D12BD59F1600EFC421 /* Frameworks */ = {
			isa = PBXFrameworksBuildPhase;
			buildActionMask = 2147483647;
			files = (
			);
			runOnlyForDeploymentPostprocessing = 0;
		};
/* End PBXFrameworksBuildPhase section */

/* Begin PBXGroup section */
		44004D322BD9254600D0447A /* shortcut */ = {
			isa = PBXGroup;
			children = (
				44004D332BD9256600D0447A /* Shortcuts.swift */,
			);
			path = shortcut;
			sourceTree = "<group>";
		};
		44397A2C2BD6732E0056BE98 /* helper */ = {
			isa = PBXGroup;
			children = (
				44397A2D2BD6734B0056BE98 /* Dimensions.swift */,
			);
			path = helper;
			sourceTree = "<group>";
		};
		443A9A3B2BD78C0000E4C479 /* repository */ = {
			isa = PBXGroup;
			children = (
				443A9A392BD78BF800E4C479 /* Repository.swift */,
			);
			path = repository;
			sourceTree = "<group>";
		};
		443A9A3C2BD7903700E4C479 /* presenter */ = {
			isa = PBXGroup;
			children = (
				443A9A3D2BD7904500E4C479 /* MainPresenter.swift */,
			);
			path = presenter;
			sourceTree = "<group>";
		};
		4442DB2D2BDC4F1900C25DE1 /* domain */ = {
			isa = PBXGroup;
			children = (
				4442DB2E2BDC4F3A00C25DE1 /* StationData.swift */,
			);
			path = domain;
			sourceTree = "<group>";
		};
		449A61CB2BD59F1600EFC421 = {
			isa = PBXGroup;
			children = (
				44F62D092BD66F0900651C8D /* LICENSE */,
				445444C52BD661EC00E7EA48 /* README.MD */,
				449A61D62BD59F1600EFC421 /* Record Player */,
				449A61D52BD59F1600EFC421 /* Products */,
			);
			sourceTree = "<group>";
		};
		449A61D52BD59F1600EFC421 /* Products */ = {
			isa = PBXGroup;
			children = (
				449A61D42BD59F1600EFC421 /* Record Player.app */,
			);
			name = Products;
			sourceTree = "<group>";
		};
		449A61D62BD59F1600EFC421 /* Record Player */ = {
			isa = PBXGroup;
			children = (
				4442DB2D2BDC4F1900C25DE1 /* domain */,
				44004D322BD9254600D0447A /* shortcut */,
				443A9A3C2BD7903700E4C479 /* presenter */,
				443A9A3B2BD78C0000E4C479 /* repository */,
				44381A3E2BD6F9A1003E0088 /* Record-Player-Info.plist */,
				44397A2C2BD6732E0056BE98 /* helper */,
				44F62D032BD66E0300651C8D /* view */,
				44F62D002BD66D5300651C8D /* model */,
				449A61D72BD59F1600EFC421 /* Record_PlayerApp.swift */,
				449A61DB2BD59F1700EFC421 /* Assets.xcassets */,
				449A61E02BD59F1700EFC421 /* Record_Player.entitlements */,
				449A61DD2BD59F1700EFC421 /* Preview Content */,
			);
			path = "Record Player";
			sourceTree = "<group>";
		};
		449A61DD2BD59F1700EFC421 /* Preview Content */ = {
			isa = PBXGroup;
			children = (
				449A61DE2BD59F1700EFC421 /* Preview Assets.xcassets */,
			);
			path = "Preview Content";
			sourceTree = "<group>";
		};
		44F62D002BD66D5300651C8D /* model */ = {
			isa = PBXGroup;
			children = (
				44F62D012BD66DDE00651C8D /* StationsResponseModel.swift */,
				4407FDDE2BD6C76F004D477C /* NowResponseModel.swift */,
			);
			path = model;
			sourceTree = "<group>";
		};
		44F62D032BD66E0300651C8D /* view */ = {
			isa = PBXGroup;
			children = (
				449A61D92BD59F1600EFC421 /* ContentView.swift */,
				44F62D042BD66E1100651C8D /* StationItem.swift */,
			);
			path = view;
			sourceTree = "<group>";
		};
/* End PBXGroup section */

/* Begin PBXNativeTarget section */
		449A61D32BD59F1600EFC421 /* Record Player */ = {
			isa = PBXNativeTarget;
			buildConfigurationList = 449A61E32BD59F1700EFC421 /* Build configuration list for PBXNativeTarget "Record Player" */;
			buildPhases = (
				449A61D02BD59F1600EFC421 /* Sources */,
				449A61D12BD59F1600EFC421 /* Frameworks */,
				449A61D22BD59F1600EFC421 /* Resources */,
			);
			buildRules = (
			);
			dependencies = (
			);
			name = "Record Player";
			packageProductDependencies = (
			);
			productName = "Record Player";
			productReference = 449A61D42BD59F1600EFC421 /* Record Player.app */;
			productType = "com.apple.product-type.application";
		};
/* End PBXNativeTarget section */

/* Begin PBXProject section */
		449A61CC2BD59F1600EFC421 /* Project object */ = {
			isa = PBXProject;
			attributes = {
				BuildIndependentTargetsInParallel = 1;
				LastSwiftUpdateCheck = 1530;
				LastUpgradeCheck = 1530;
				TargetAttributes = {
					449A61D32BD59F1600EFC421 = {
						CreatedOnToolsVersion = 15.3;
					};
				};
			};
			buildConfigurationList = 449A61CF2BD59F1600EFC421 /* Build configuration list for PBXProject "Record Player" */;
			compatibilityVersion = "Xcode 14.0";
			developmentRegion = en;
			hasScannedForEncodings = 0;
			knownRegions = (
				en,
				Base,
			);
			mainGroup = 449A61CB2BD59F1600EFC421;
			packageReferences = (
			);
			productRefGroup = 449A61D52BD59F1600EFC421 /* Products */;
			projectDirPath = "";
			projectRoot = "";
			targets = (
				449A61D32BD59F1600EFC421 /* Record Player */,
			);
		};
/* End PBXProject section */

/* Begin PBXResourcesBuildPhase section */
		449A61D22BD59F1600EFC421 /* Resources */ = {
			isa = PBXResourcesBuildPhase;
			buildActionMask = 2147483647;
			files = (
				445444C62BD661EC00E7EA48 /* README.MD in Resources */,
				449A61DF2BD59F1700EFC421 /* Preview Assets.xcassets in Resources */,
				44F62D0A2BD66F0900651C8D /* LICENSE in Resources */,
				449A61DC2BD59F1700EFC421 /* Assets.xcassets in Resources */,
			);
			runOnlyForDeploymentPostprocessing = 0;
		};
/* End PBXResourcesBuildPhase section */

/* Begin PBXSourcesBuildPhase section */
		449A61D02BD59F1600EFC421 /* Sources */ = {
			isa = PBXSourcesBuildPhase;
			buildActionMask = 2147483647;
			files = (
				443A9A3A2BD78BF800E4C479 /* Repository.swift in Sources */,
				44F62D022BD66DDE00651C8D /* StationsResponseModel.swift in Sources */,
				44397A2E2BD6734B0056BE98 /* Dimensions.swift in Sources */,
				443A9A3E2BD7904500E4C479 /* MainPresenter.swift in Sources */,
				4442DB2F2BDC4F3A00C25DE1 /* StationData.swift in Sources */,
				44F62D052BD66E1100651C8D /* StationItem.swift in Sources */,
				449A61DA2BD59F1600EFC421 /* ContentView.swift in Sources */,
				449A61D82BD59F1600EFC421 /* Record_PlayerApp.swift in Sources */,
				4407FDDF2BD6C76F004D477C /* NowResponseModel.swift in Sources */,
				44004D342BD9256600D0447A /* Shortcuts.swift in Sources */,
			);
			runOnlyForDeploymentPostprocessing = 0;
		};
/* End PBXSourcesBuildPhase section */

/* Begin XCBuildConfiguration section */
		449A61E12BD59F1700EFC421 /* Debug */ = {
			isa = XCBuildConfiguration;
			buildSettings = {
				ALWAYS_SEARCH_USER_PATHS = NO;
				ASSETCATALOG_COMPILER_GENERATE_SWIFT_ASSET_SYMBOL_EXTENSIONS = YES;
				CLANG_ANALYZER_NONNULL = YES;
				CLANG_ANALYZER_NUMBER_OBJECT_CONVERSION = YES_AGGRESSIVE;
				CLANG_CXX_LANGUAGE_STANDARD = "gnu++20";
				CLANG_ENABLE_MODULES = YES;
				CLANG_ENABLE_OBJC_ARC = YES;
				CLANG_ENABLE_OBJC_WEAK = YES;
				CLANG_WARN_BLOCK_CAPTURE_AUTORELEASING = YES;
				CLANG_WARN_BOOL_CONVERSION = YES;
				CLANG_WARN_COMMA = YES;
				CLANG_WARN_CONSTANT_CONVERSION = YES;
				CLANG_WARN_DEPRECATED_OBJC_IMPLEMENTATIONS = YES;
				CLANG_WARN_DIRECT_OBJC_ISA_USAGE = YES_ERROR;
				CLANG_WARN_DOCUMENTATION_COMMENTS = YES;
				CLANG_WARN_EMPTY_BODY = YES;
				CLANG_WARN_ENUM_CONVERSION = YES;
				CLANG_WARN_INFINITE_RECURSION = YES;
				CLANG_WARN_INT_CONVERSION = YES;
				CLANG_WARN_NON_LITERAL_NULL_CONVERSION = YES;
				CLANG_WARN_OBJC_IMPLICIT_RETAIN_SELF = YES;
				CLANG_WARN_OBJC_LITERAL_CONVERSION = YES;
				CLANG_WARN_OBJC_ROOT_CLASS = YES_ERROR;
				CLANG_WARN_QUOTED_INCLUDE_IN_FRAMEWORK_HEADER = YES;
				CLANG_WARN_RANGE_LOOP_ANALYSIS = YES;
				CLANG_WARN_STRICT_PROTOTYPES = YES;
				CLANG_WARN_SUSPICIOUS_MOVE = YES;
				CLANG_WARN_UNGUARDED_AVAILABILITY = YES_AGGRESSIVE;
				CLANG_WARN_UNREACHABLE_CODE = YES;
				CLANG_WARN__DUPLICATE_METHOD_MATCH = YES;
				COPY_PHASE_STRIP = NO;
				DEBUG_INFORMATION_FORMAT = dwarf;
				ENABLE_STRICT_OBJC_MSGSEND = YES;
				ENABLE_TESTABILITY = YES;
				ENABLE_USER_SCRIPT_SANDBOXING = YES;
				GCC_C_LANGUAGE_STANDARD = gnu17;
				GCC_DYNAMIC_NO_PIC = NO;
				GCC_NO_COMMON_BLOCKS = YES;
				GCC_OPTIMIZATION_LEVEL = 0;
				GCC_PREPROCESSOR_DEFINITIONS = (
					"DEBUG=1",
					"$(inherited)",
				);
				GCC_WARN_64_TO_32_BIT_CONVERSION = YES;
				GCC_WARN_ABOUT_RETURN_TYPE = YES_ERROR;
				GCC_WARN_UNDECLARED_SELECTOR = YES;
				GCC_WARN_UNINITIALIZED_AUTOS = YES_AGGRESSIVE;
				GCC_WARN_UNUSED_FUNCTION = YES;
				GCC_WARN_UNUSED_VARIABLE = YES;
				LOCALIZATION_PREFERS_STRING_CATALOGS = YES;
				MACOSX_DEPLOYMENT_TARGET = 14.0;
				MTL_ENABLE_DEBUG_INFO = INCLUDE_SOURCE;
				MTL_FAST_MATH = YES;
				ONLY_ACTIVE_ARCH = YES;
				PRODUCT_NAME = "Radio Record";
				SDKROOT = macosx;
				SWIFT_ACTIVE_COMPILATION_CONDITIONS = "DEBUG $(inherited)";
				SWIFT_OPTIMIZATION_LEVEL = "-Onone";
			};
			name = Debug;
		};
		449A61E22BD59F1700EFC421 /* Release */ = {
			isa = XCBuildConfiguration;
			buildSettings = {
				ALWAYS_SEARCH_USER_PATHS = NO;
				ASSETCATALOG_COMPILER_GENERATE_SWIFT_ASSET_SYMBOL_EXTENSIONS = YES;
				CLANG_ANALYZER_NONNULL = YES;
				CLANG_ANALYZER_NUMBER_OBJECT_CONVERSION = YES_AGGRESSIVE;
				CLANG_CXX_LANGUAGE_STANDARD = "gnu++20";
				CLANG_ENABLE_MODULES = YES;
				CLANG_ENABLE_OBJC_ARC = YES;
				CLANG_ENABLE_OBJC_WEAK = YES;
				CLANG_WARN_BLOCK_CAPTURE_AUTORELEASING = YES;
				CLANG_WARN_BOOL_CONVERSION = YES;
				CLANG_WARN_COMMA = YES;
				CLANG_WARN_CONSTANT_CONVERSION = YES;
				CLANG_WARN_DEPRECATED_OBJC_IMPLEMENTATIONS = YES;
				CLANG_WARN_DIRECT_OBJC_ISA_USAGE = YES_ERROR;
				CLANG_WARN_DOCUMENTATION_COMMENTS = YES;
				CLANG_WARN_EMPTY_BODY = YES;
				CLANG_WARN_ENUM_CONVERSION = YES;
				CLANG_WARN_INFINITE_RECURSION = YES;
				CLANG_WARN_INT_CONVERSION = YES;
				CLANG_WARN_NON_LITERAL_NULL_CONVERSION = YES;
				CLANG_WARN_OBJC_IMPLICIT_RETAIN_SELF = YES;
				CLANG_WARN_OBJC_LITERAL_CONVERSION = YES;
				CLANG_WARN_OBJC_ROOT_CLASS = YES_ERROR;
				CLANG_WARN_QUOTED_INCLUDE_IN_FRAMEWORK_HEADER = YES;
				CLANG_WARN_RANGE_LOOP_ANALYSIS = YES;
				CLANG_WARN_STRICT_PROTOTYPES = YES;
				CLANG_WARN_SUSPICIOUS_MOVE = YES;
				CLANG_WARN_UNGUARDED_AVAILABILITY = YES_AGGRESSIVE;
				CLANG_WARN_UNREACHABLE_CODE = YES;
				CLANG_WARN__DUPLICATE_METHOD_MATCH = YES;
				COPY_PHASE_STRIP = NO;
				DEBUG_INFORMATION_FORMAT = "dwarf-with-dsym";
				ENABLE_NS_ASSERTIONS = NO;
				ENABLE_STRICT_OBJC_MSGSEND = YES;
				ENABLE_USER_SCRIPT_SANDBOXING = YES;
				GCC_C_LANGUAGE_STANDARD = gnu17;
				GCC_NO_COMMON_BLOCKS = YES;
				GCC_WARN_64_TO_32_BIT_CONVERSION = YES;
				GCC_WARN_ABOUT_RETURN_TYPE = YES_ERROR;
				GCC_WARN_UNDECLARED_SELECTOR = YES;
				GCC_WARN_UNINITIALIZED_AUTOS = YES_AGGRESSIVE;
				GCC_WARN_UNUSED_FUNCTION = YES;
				GCC_WARN_UNUSED_VARIABLE = YES;
				LOCALIZATION_PREFERS_STRING_CATALOGS = YES;
				MACOSX_DEPLOYMENT_TARGET = 14.0;
				MTL_ENABLE_DEBUG_INFO = NO;
				MTL_FAST_MATH = YES;
				PRODUCT_NAME = "Radio Record";
				SDKROOT = macosx;
				SWIFT_COMPILATION_MODE = wholemodule;
			};
			name = Release;
		};
		449A61E42BD59F1700EFC421 /* Debug */ = {
			isa = XCBuildConfiguration;
			buildSettings = {
				ASSETCATALOG_COMPILER_APPICON_NAME = AppIcon;
				ASSETCATALOG_COMPILER_GLOBAL_ACCENT_COLOR_NAME = AccentColor;
				ASSETCATALOG_COMPILER_INCLUDE_ALL_APPICON_ASSETS = YES;
				CODE_SIGN_ENTITLEMENTS = "Record Player/Record_Player.entitlements";
				"CODE_SIGN_IDENTITY[sdk=macosx*]" = "-";
				CODE_SIGN_STYLE = Automatic;
				COMBINE_HIDPI_IMAGES = YES;
				CURRENT_PROJECT_VERSION = 1;
				DEVELOPMENT_ASSET_PATHS = "\"Record Player/Preview Content\"";
				DEVELOPMENT_TEAM = "";
				ENABLE_HARDENED_RUNTIME = YES;
				ENABLE_PREVIEWS = YES;
				GENERATE_INFOPLIST_FILE = YES;
				INFOPLIST_FILE = "Record-Player-Info.plist";
				INFOPLIST_KEY_CFBundleDisplayName = "Radio Record";
				INFOPLIST_KEY_LSApplicationCategoryType = "public.app-category.music";
				INFOPLIST_KEY_NSHumanReadableCopyright = "";
				LD_RUNPATH_SEARCH_PATHS = (
					"$(inherited)",
					"@executable_path/../Frameworks",
				);
				MARKETING_VERSION = 1.0;
				PRODUCT_BUNDLE_IDENTIFIER = "net.hornsandhoofs.Record-Player";
				PRODUCT_NAME = "$(TARGET_NAME)";
				SWIFT_EMIT_LOC_STRINGS = YES;
				SWIFT_VERSION = 5.0;
			};
			name = Debug;
		};
		449A61E52BD59F1700EFC421 /* Release */ = {
			isa = XCBuildConfiguration;
			buildSettings = {
				ASSETCATALOG_COMPILER_APPICON_NAME = AppIcon;
				ASSETCATALOG_COMPILER_GLOBAL_ACCENT_COLOR_NAME = AccentColor;
				ASSETCATALOG_COMPILER_INCLUDE_ALL_APPICON_ASSETS = YES;
				CODE_SIGN_ENTITLEMENTS = "Record Player/Record_Player.entitlements";
				"CODE_SIGN_IDENTITY[sdk=macosx*]" = "-";
				CODE_SIGN_STYLE = Automatic;
				COMBINE_HIDPI_IMAGES = YES;
				CURRENT_PROJECT_VERSION = 1;
				DEVELOPMENT_ASSET_PATHS = "\"Record Player/Preview Content\"";
				DEVELOPMENT_TEAM = "";
				ENABLE_HARDENED_RUNTIME = YES;
				ENABLE_PREVIEWS = YES;
				GENERATE_INFOPLIST_FILE = YES;
				INFOPLIST_FILE = "Record-Player-Info.plist";
				INFOPLIST_KEY_CFBundleDisplayName = "Radio Record";
				INFOPLIST_KEY_LSApplicationCategoryType = "public.app-category.music";
				INFOPLIST_KEY_NSHumanReadableCopyright = "";
				LD_RUNPATH_SEARCH_PATHS = (
					"$(inherited)",
					"@executable_path/../Frameworks",
				);
				MARKETING_VERSION = 1.0;
				PRODUCT_BUNDLE_IDENTIFIER = "net.hornsandhoofs.Record-Player";
				PRODUCT_NAME = "$(TARGET_NAME)";
				SWIFT_EMIT_LOC_STRINGS = YES;
				SWIFT_VERSION = 5.0;
			};
			name = Release;
		};
/* End XCBuildConfiguration section */

/* Begin XCConfigurationList section */
		449A61CF2BD59F1600EFC421 /* Build configuration list for PBXProject "Record Player" */ = {
			isa = XCConfigurationList;
			buildConfigurations = (
				449A61E12BD59F1700EFC421 /* Debug */,
				449A61E22BD59F1700EFC421 /* Release */,
			);
			defaultConfigurationIsVisible = 0;
			defaultConfigurationName = Release;
		};
		449A61E32BD59F1700EFC421 /* Build configuration list for PBXNativeTarget "Record Player" */ = {
			isa = XCConfigurationList;
			buildConfigurations = (
				449A61E42BD59F1700EFC421 /* Debug */,
				449A61E52BD59F1700EFC421 /* Release */,
			);
			defaultConfigurationIsVisible = 0;
			defaultConfigurationName = Release;
		};
/* End XCConfigurationList section */
	};
	rootObject = 449A61CC2BD59F1600EFC421 /* Project object */;
}
