{
  "originHash" : "a3d1ba6a8331ae96be9539146add3fc93c25e61d301dd768cd7c2041780af41e",
  "pins" : [
    {
      "identity" : "hotkey",
      "kind" : "remoteSourceControl",
      "location" : "https://github.com/soffes/HotKey",
      "state" : {
        "branch" : "main",
        "revision" : "4d02d80de143d69b7eeb5962729591a157a57ede"
      }
    }
  ],
  "version" : 3
}
